// !$*UTF8*$!
{
	archiveVersion = 1;
	classes = {
	};
	objectVersion = 46;
	objects = {

/* Begin PBXBuildFile section */
		1D3623260D0F684500981E51 /* SupTaxiAppDelegate.m in Sources */ = {isa = PBXBuildFile; fileRef = 1D3623250D0F684500981E51 /* SupTaxiAppDelegate.m */; };
		1D60589B0D05DD56006BFB54 /* main.m in Sources */ = {isa = PBXBuildFile; fileRef = 29B97316FDCFA39411CA2CEA /* main.m */; };
		1D60589F0D05DD5A006BFB54 /* Foundation.framework in Frameworks */ = {isa = PBXBuildFile; fileRef = 1D30AB110D05D00D00671497 /* Foundation.framework */; };
		1DF5F4E00D08C38300B7A737 /* UIKit.framework in Frameworks */ = {isa = PBXBuildFile; fileRef = 1DF5F4DF0D08C38300B7A737 /* UIKit.framework */; };
		288765A50DF7441C002DB57D /* CoreGraphics.framework in Frameworks */ = {isa = PBXBuildFile; fileRef = 288765A40DF7441C002DB57D /* CoreGraphics.framework */; };
		28AD733F0D9D9553002E5188 /* MainWindow.xib in Resources */ = {isa = PBXBuildFile; fileRef = 28AD733E0D9D9553002E5188 /* MainWindow.xib */; };
		28D801B40F44B63D00FB423F /* CoreData.framework in Frameworks */ = {isa = PBXBuildFile; fileRef = 28D801B30F44B63D00FB423F /* CoreData.framework */; };
		49085066140BB080004F4963 /* btn_bg.png in Resources */ = {isa = PBXBuildFile; fileRef = 4908505B140BB080004F4963 /* btn_bg.png */; };
		49085067140BB080004F4963 /* btn_change_locations.png in Resources */ = {isa = PBXBuildFile; fileRef = 4908505C140BB080004F4963 /* btn_change_locations.png */; };
		49085068140BB080004F4963 /* btn_field_addressbook.png in Resources */ = {isa = PBXBuildFile; fileRef = 4908505D140BB080004F4963 /* btn_field_addressbook.png */; };
		49085069140BB080004F4963 /* btn_field_date_pick.png in Resources */ = {isa = PBXBuildFile; fileRef = 4908505E140BB080004F4963 /* btn_field_date_pick.png */; };
		4908506A140BB080004F4963 /* btn_tb_history.png in Resources */ = {isa = PBXBuildFile; fileRef = 4908505F140BB080004F4963 /* btn_tb_history.png */; };
		4908506B140BB080004F4963 /* btn_tb_my_address.png in Resources */ = {isa = PBXBuildFile; fileRef = 49085060140BB080004F4963 /* btn_tb_my_address.png */; };
		4908506C140BB080004F4963 /* btn_tb_settings.png in Resources */ = {isa = PBXBuildFile; fileRef = 49085061140BB080004F4963 /* btn_tb_settings.png */; };
		4908506E140BB080004F4963 /* form_field_bg.png in Resources */ = {isa = PBXBuildFile; fileRef = 49085063140BB080004F4963 /* form_field_bg.png */; };
		4908506F140BB080004F4963 /* form_line.png in Resources */ = {isa = PBXBuildFile; fileRef = 49085064140BB080004F4963 /* form_line.png */; };
		49085070140BB080004F4963 /* logo_header.png in Resources */ = {isa = PBXBuildFile; fileRef = 49085065140BB080004F4963 /* logo_header.png */; };
		49085078140BC325004F4963 /* logo_header copy.png in Resources */ = {isa = PBXBuildFile; fileRef = 49085077140BC325004F4963 /* logo_header copy.png */; };
		490850B5140BC965004F4963 /* MapKit.framework in Frameworks */ = {isa = PBXBuildFile; fileRef = 490850B4140BC965004F4963 /* MapKit.framework */; };
		4908510D140BD66A004F4963 /* btn_bg1.png in Resources */ = {isa = PBXBuildFile; fileRef = 4908510C140BD66A004F4963 /* btn_bg1.png */; };
		49085242140C0847004F4963 /* OrderViewController.xib in Resources */ = {isa = PBXBuildFile; fileRef = 49085241140C0847004F4963 /* OrderViewController.xib */; };
		4908524E140C0878004F4963 /* BarButtonItemGreenColor.m in Sources */ = {isa = PBXBuildFile; fileRef = 49085245140C0878004F4963 /* BarButtonItemGreenColor.m */; };
		4908524F140C0878004F4963 /* GrayColorNavigationBar.m in Sources */ = {isa = PBXBuildFile; fileRef = 49085247140C0878004F4963 /* GrayColorNavigationBar.m */; };
		49085250140C0878004F4963 /* TabBarBackgroundView.m in Sources */ = {isa = PBXBuildFile; fileRef = 49085249140C0878004F4963 /* TabBarBackgroundView.m */; };
		49085251140C0878004F4963 /* OrderViewController.m in Sources */ = {isa = PBXBuildFile; fileRef = 4908524D140C0878004F4963 /* OrderViewController.m */; };
		4908526C140C1375004F4963 /* Offer.m in Sources */ = {isa = PBXBuildFile; fileRef = 49085264140C1375004F4963 /* Offer.m */; };
		4908526E140C1375004F4963 /* ServerResponce.m in Sources */ = {isa = PBXBuildFile; fileRef = 49085268140C1375004F4963 /* ServerResponce.m */; };
		4908526F140C1375004F4963 /* ServerResponceXMLParser.m in Sources */ = {isa = PBXBuildFile; fileRef = 4908526A140C1375004F4963 /* ServerResponceXMLParser.m */; };
		4941A6CB1417EFB9000BC3D5 /* HistoryDetailViewController.m in Sources */ = {isa = PBXBuildFile; fileRef = 4941A6CA1417EFB9000BC3D5 /* HistoryDetailViewController.m */; };
		4941A6DD1417F372000BC3D5 /* HistoryItemCell.m in Sources */ = {isa = PBXBuildFile; fileRef = 4941A6DC1417F372000BC3D5 /* HistoryItemCell.m */; };
		4941A7BD1418219D000BC3D5 /* AddAddressViewController.xib in Resources */ = {isa = PBXBuildFile; fileRef = 4941A7BA1418219D000BC3D5 /* AddAddressViewController.xib */; };
		4941A7BE1418219D000BC3D5 /* AddressViewController.xib in Resources */ = {isa = PBXBuildFile; fileRef = 4941A7BB1418219D000BC3D5 /* AddressViewController.xib */; };
		4941A7BF1418219D000BC3D5 /* HistoryViewController.xib in Resources */ = {isa = PBXBuildFile; fileRef = 4941A7BC1418219D000BC3D5 /* HistoryViewController.xib */; };
		49493E0F1411261C008E5AAB /* UICustomSwitch.m in Sources */ = {isa = PBXBuildFile; fileRef = 49493E0E1411261C008E5AAB /* UICustomSwitch.m */; };
		49493E3614112AFF008E5AAB /* switchBlueBg.png in Resources */ = {isa = PBXBuildFile; fileRef = 49493E3314112AFF008E5AAB /* switchBlueBg.png */; };
		49493E3714112AFF008E5AAB /* switchOffPlain.png in Resources */ = {isa = PBXBuildFile; fileRef = 49493E3414112AFF008E5AAB /* switchOffPlain.png */; };
		49493E3814112AFF008E5AAB /* switchThumb.png in Resources */ = {isa = PBXBuildFile; fileRef = 49493E3514112AFF008E5AAB /* switchThumb.png */; };
		4987A5C7140E320C009C0A12 /* background.png in Resources */ = {isa = PBXBuildFile; fileRef = 4987A5C2140E320C009C0A12 /* background.png */; };
		4987A5C8140E320C009C0A12 /* checkbox_checked.png in Resources */ = {isa = PBXBuildFile; fileRef = 4987A5C3140E320C009C0A12 /* checkbox_checked.png */; };
		4987A5C9140E320C009C0A12 /* checkbox_unchecked.png in Resources */ = {isa = PBXBuildFile; fileRef = 4987A5C4140E320C009C0A12 /* checkbox_unchecked.png */; };
		4987A5CA140E320C009C0A12 /* field_1Line.png in Resources */ = {isa = PBXBuildFile; fileRef = 4987A5C5140E320C009C0A12 /* field_1Line.png */; };
		4987A5CB140E320C009C0A12 /* field_3Line.png in Resources */ = {isa = PBXBuildFile; fileRef = 4987A5C6140E320C009C0A12 /* field_3Line.png */; };
		4988EEE6141372C100FFD55D /* SettingsViewController.m in Sources */ = {isa = PBXBuildFile; fileRef = 4988EEE4141372C100FFD55D /* SettingsViewController.m */; };
		4988EEF71413733300FFD55D /* HistoryViewController.m in Sources */ = {isa = PBXBuildFile; fileRef = 4988EEF51413733300FFD55D /* HistoryViewController.m */; };
		4988EEFC141373AE00FFD55D /* HistoryDetailViewController.xib in Resources */ = {isa = PBXBuildFile; fileRef = 4988EEF9141373AE00FFD55D /* HistoryDetailViewController.xib */; };
		4988EEFE141373AE00FFD55D /* SettingsViewController.xib in Resources */ = {isa = PBXBuildFile; fileRef = 4988EEFB141373AE00FFD55D /* SettingsViewController.xib */; };
		4988EF0D1413869D00FFD55D /* SettingsCell.m in Sources */ = {isa = PBXBuildFile; fileRef = 4988EF0A1413869D00FFD55D /* SettingsCell.m */; };
		4988EF0E1413869D00FFD55D /* SettingsOrderCell.m in Sources */ = {isa = PBXBuildFile; fileRef = 4988EF0C1413869D00FFD55D /* SettingsOrderCell.m */; };
		4988F1101413D4B500FFD55D /* ContractViewController.m in Sources */ = {isa = PBXBuildFile; fileRef = 4988F10F1413D4B500FFD55D /* ContractViewController.m */; };
		4988F1121413D4C000FFD55D /* ContractViewController.xib in Resources */ = {isa = PBXBuildFile; fileRef = 4988F1111413D4C000FFD55D /* ContractViewController.xib */; };
		4988F1AE1414CF2300FFD55D /* PListData.m in Sources */ = {isa = PBXBuildFile; fileRef = 4988F1A71414CF2300FFD55D /* PListData.m */; };
		4988F1B01414CF2300FFD55D /* Preferences.m in Sources */ = {isa = PBXBuildFile; fileRef = 4988F1AB1414CF2300FFD55D /* Preferences.m */; };
		4988F1B11414CF2300FFD55D /* PreferencesManager.m in Sources */ = {isa = PBXBuildFile; fileRef = 4988F1AD1414CF2300FFD55D /* PreferencesManager.m */; };
		4988F25C1414EC9300FFD55D /* Order.m in Sources */ = {isa = PBXBuildFile; fileRef = 4988F25B1414EC9300FFD55D /* Order.m */; };
		4988F314141524B200FFD55D /* NSDataAdditions.m in Sources */ = {isa = PBXBuildFile; fileRef = 4988F313141524B200FFD55D /* NSDataAdditions.m */; };
		49B83D8F141007140063357A /* CarriersViewController.xib in Resources */ = {isa = PBXBuildFile; fileRef = 49B83D8D141007140063357A /* CarriersViewController.xib */; };
		49B83D90141007140063357A /* RegisterViewController.xib in Resources */ = {isa = PBXBuildFile; fileRef = 49B83D8E141007140063357A /* RegisterViewController.xib */; };
		49B83D93141007280063357A /* CarriersViewController.m in Sources */ = {isa = PBXBuildFile; fileRef = 49B83D92141007280063357A /* CarriersViewController.m */; };
		49B83D9F14100A4A0063357A /* OrderShowCell.m in Sources */ = {isa = PBXBuildFile; fileRef = 49B83D9E14100A4A0063357A /* OrderShowCell.m */; };
		49B83DDF1410176E0063357A /* 37x-Checkmark.png in Resources */ = {isa = PBXBuildFile; fileRef = 49B83DDE1410176E0063357A /* 37x-Checkmark.png */; };
		49BB579F141908E900BF28D1 /* Constants.m in Sources */ = {isa = PBXBuildFile; fileRef = 49BB579E141908E900BF28D1 /* Constants.m */; };
		49BFC2C0141A53D800629CB2 /* PreferredViewController.m in Sources */ = {isa = PBXBuildFile; fileRef = 49BFC2BE141A53D800629CB2 /* PreferredViewController.m */; };
		49BFC2C3141A540C00629CB2 /* PreferredViewController.xib in Resources */ = {isa = PBXBuildFile; fileRef = 49BFC2C2141A540C00629CB2 /* PreferredViewController.xib */; };
		49BFC2C6141A545500629CB2 /* PreferredCell.m in Sources */ = {isa = PBXBuildFile; fileRef = 49BFC2C5141A545500629CB2 /* PreferredCell.m */; };
		49BFC2F9141A5EA500629CB2 /* Carrier.m in Sources */ = {isa = PBXBuildFile; fileRef = 49BFC2F8141A5EA500629CB2 /* Carrier.m */; };
		49CBC272140D25CC00D2DCC9 /* Response.m in Sources */ = {isa = PBXBuildFile; fileRef = 49CBC271140D25CC00D2DCC9 /* Response.m */; };
		49CBC285140D32AC00D2DCC9 /* AppProgress.m in Sources */ = {isa = PBXBuildFile; fileRef = 49CBC282140D32AC00D2DCC9 /* AppProgress.m */; };
		49CBC286140D32AC00D2DCC9 /* MBProgressHUD.m in Sources */ = {isa = PBXBuildFile; fileRef = 49CBC284140D32AC00D2DCC9 /* MBProgressHUD.m */; };
		49CBC299140D3B7700D2DCC9 /* AditionalPrecompileds.m in Sources */ = {isa = PBXBuildFile; fileRef = 49CBC298140D3B7700D2DCC9 /* AditionalPrecompileds.m */; };
		49CBC424140D5DAC00D2DCC9 /* car_type_1.png in Resources */ = {isa = PBXBuildFile; fileRef = 49CBC421140D5DAC00D2DCC9 /* car_type_1.png */; };
		49CBC425140D5DAC00D2DCC9 /* car_type_2.png in Resources */ = {isa = PBXBuildFile; fileRef = 49CBC422140D5DAC00D2DCC9 /* car_type_2.png */; };
		49CBC426140D5DAC00D2DCC9 /* car_type_3.png in Resources */ = {isa = PBXBuildFile; fileRef = 49CBC423140D5DAC00D2DCC9 /* car_type_3.png */; };
		49CBC43C140D602B00D2DCC9 /* RegisterViewController.m in Sources */ = {isa = PBXBuildFile; fileRef = 49CBC43A140D602B00D2DCC9 /* RegisterViewController.m */; };
		58FF5FD2141608290088166E /* JSONKit.m in Sources */ = {isa = PBXBuildFile; fileRef = 58FF5FBA141608290088166E /* JSONKit.m */; };
		58FF5FD3141608290088166E /* GoogleResultPlacemark.m in Sources */ = {isa = PBXBuildFile; fileRef = 58FF5FBD141608290088166E /* GoogleResultPlacemark.m */; };
		58FF5FD4141608290088166E /* GoogleServiceManager.m in Sources */ = {isa = PBXBuildFile; fileRef = 58FF5FBF141608290088166E /* GoogleServiceManager.m */; };
		58FF5FD5141608290088166E /* MapViewAddressSearchBar.m in Sources */ = {isa = PBXBuildFile; fileRef = 58FF5FC2141608290088166E /* MapViewAddressSearchBar.m */; };
		58FF5FD6141608290088166E /* MapViewAddressSearchBar.xib in Resources */ = {isa = PBXBuildFile; fileRef = 58FF5FC3141608290088166E /* MapViewAddressSearchBar.xib */; };
		58FF5FD7141608290088166E /* MapViewBaseBar.m in Sources */ = {isa = PBXBuildFile; fileRef = 58FF5FC5141608290088166E /* MapViewBaseBar.m */; };
		58FF5FD8141608290088166E /* MapViewController.m in Sources */ = {isa = PBXBuildFile; fileRef = 58FF5FC7141608290088166E /* MapViewController.m */; };
		58FF5FD9141608290088166E /* MapViewController.xib in Resources */ = {isa = PBXBuildFile; fileRef = 58FF5FC8141608290088166E /* MapViewController.xib */; };
		58FF5FDA141608290088166E /* MapViewRouteSearchBar.m in Sources */ = {isa = PBXBuildFile; fileRef = 58FF5FCA141608290088166E /* MapViewRouteSearchBar.m */; };
		58FF5FDB141608290088166E /* MapViewRouteSearchBar.xib in Resources */ = {isa = PBXBuildFile; fileRef = 58FF5FCB141608290088166E /* MapViewRouteSearchBar.xib */; };
		58FF5FDC141608290088166E /* MapViewSearchBar.m in Sources */ = {isa = PBXBuildFile; fileRef = 58FF5FCD141608290088166E /* MapViewSearchBar.m */; };
		58FF5FDD141608290088166E /* MapViewSearchBar.xib in Resources */ = {isa = PBXBuildFile; fileRef = 58FF5FCE141608290088166E /* MapViewSearchBar.xib */; };
		58FF5FDE141608290088166E /* NSString+URLEncode.m in Sources */ = {isa = PBXBuildFile; fileRef = 58FF5FD1141608290088166E /* NSString+URLEncode.m */; };
		58FF5FEA141608B40088166E /* AddAddressViewController.m in Sources */ = {isa = PBXBuildFile; fileRef = 58FF5FE1141608B40088166E /* AddAddressViewController.m */; };
		58FF5FEC141608B40088166E /* AddressViewController.m in Sources */ = {isa = PBXBuildFile; fileRef = 58FF5FE4141608B40088166E /* AddressViewController.m */; };
		58FF5FF514160F310088166E /* Address.m in Sources */ = {isa = PBXBuildFile; fileRef = 58FF5FF414160F310088166E /* Address.m */; };
		58FF5FFB141610970088166E /* AddressBook.framework in Frameworks */ = {isa = PBXBuildFile; fileRef = 58FF5FF9141610960088166E /* AddressBook.framework */; };
		58FF5FFC141610970088166E /* CoreLocation.framework in Frameworks */ = {isa = PBXBuildFile; fileRef = 58FF5FFA141610960088166E /* CoreLocation.framework */; };
		58FF5FFF141621690088166E /* GoogleServiceDirectionsManager.m in Sources */ = {isa = PBXBuildFile; fileRef = 58FF5FFE141621690088166E /* GoogleServiceDirectionsManager.m */; };
/* End PBXBuildFile section */

/* Begin PBXFileReference section */
		1D30AB110D05D00D00671497 /* Foundation.framework */ = {isa = PBXFileReference; lastKnownFileType = wrapper.framework; name = Foundation.framework; path = System/Library/Frameworks/Foundation.framework; sourceTree = SDKROOT; };
		1D3623240D0F684500981E51 /* SupTaxiAppDelegate.h */ = {isa = PBXFileReference; fileEncoding = 4; lastKnownFileType = sourcecode.c.h; path = SupTaxiAppDelegate.h; sourceTree = "<group>"; };
		1D3623250D0F684500981E51 /* SupTaxiAppDelegate.m */ = {isa = PBXFileReference; fileEncoding = 4; lastKnownFileType = sourcecode.c.objc; path = SupTaxiAppDelegate.m; sourceTree = "<group>"; };
		1D6058910D05DD3D006BFB54 /* SupTaxi.app */ = {isa = PBXFileReference; explicitFileType = wrapper.application; includeInIndex = 0; path = SupTaxi.app; sourceTree = BUILT_PRODUCTS_DIR; };
		1DF5F4DF0D08C38300B7A737 /* UIKit.framework */ = {isa = PBXFileReference; lastKnownFileType = wrapper.framework; name = UIKit.framework; path = System/Library/Frameworks/UIKit.framework; sourceTree = SDKROOT; };
		288765A40DF7441C002DB57D /* CoreGraphics.framework */ = {isa = PBXFileReference; lastKnownFileType = wrapper.framework; name = CoreGraphics.framework; path = System/Library/Frameworks/CoreGraphics.framework; sourceTree = SDKROOT; };
		28AD733E0D9D9553002E5188 /* MainWindow.xib */ = {isa = PBXFileReference; lastKnownFileType = file.xib; path = MainWindow.xib; sourceTree = "<group>"; };
		28D801B30F44B63D00FB423F /* CoreData.framework */ = {isa = PBXFileReference; lastKnownFileType = wrapper.framework; name = CoreData.framework; path = System/Library/Frameworks/CoreData.framework; sourceTree = SDKROOT; };
		29B97316FDCFA39411CA2CEA /* main.m */ = {isa = PBXFileReference; fileEncoding = 4; lastKnownFileType = sourcecode.c.objc; path = main.m; sourceTree = "<group>"; };
		32CA4F630368D1EE00C91783 /* SupTaxi_Prefix.pch */ = {isa = PBXFileReference; fileEncoding = 4; lastKnownFileType = sourcecode.c.h; path = SupTaxi_Prefix.pch; sourceTree = "<group>"; };
		4908505B140BB080004F4963 /* btn_bg.png */ = {isa = PBXFileReference; lastKnownFileType = image.png; path = btn_bg.png; sourceTree = "<group>"; };
		4908505C140BB080004F4963 /* btn_change_locations.png */ = {isa = PBXFileReference; lastKnownFileType = image.png; path = btn_change_locations.png; sourceTree = "<group>"; };
		4908505D140BB080004F4963 /* btn_field_addressbook.png */ = {isa = PBXFileReference; lastKnownFileType = image.png; path = btn_field_addressbook.png; sourceTree = "<group>"; };
		4908505E140BB080004F4963 /* btn_field_date_pick.png */ = {isa = PBXFileReference; lastKnownFileType = image.png; path = btn_field_date_pick.png; sourceTree = "<group>"; };
		4908505F140BB080004F4963 /* btn_tb_history.png */ = {isa = PBXFileReference; lastKnownFileType = image.png; path = btn_tb_history.png; sourceTree = "<group>"; };
		49085060140BB080004F4963 /* btn_tb_my_address.png */ = {isa = PBXFileReference; lastKnownFileType = image.png; path = btn_tb_my_address.png; sourceTree = "<group>"; };
		49085061140BB080004F4963 /* btn_tb_settings.png */ = {isa = PBXFileReference; lastKnownFileType = image.png; path = btn_tb_settings.png; sourceTree = "<group>"; };
		49085063140BB080004F4963 /* form_field_bg.png */ = {isa = PBXFileReference; lastKnownFileType = image.png; path = form_field_bg.png; sourceTree = "<group>"; };
		49085064140BB080004F4963 /* form_line.png */ = {isa = PBXFileReference; lastKnownFileType = image.png; path = form_line.png; sourceTree = "<group>"; };
		49085065140BB080004F4963 /* logo_header.png */ = {isa = PBXFileReference; lastKnownFileType = image.png; path = logo_header.png; sourceTree = "<group>"; };
		49085077140BC325004F4963 /* logo_header copy.png */ = {isa = PBXFileReference; lastKnownFileType = image.png; path = "logo_header copy.png"; sourceTree = "<group>"; };
		490850B4140BC965004F4963 /* MapKit.framework */ = {isa = PBXFileReference; lastKnownFileType = wrapper.framework; name = MapKit.framework; path = System/Library/Frameworks/MapKit.framework; sourceTree = SDKROOT; };
		4908510C140BD66A004F4963 /* btn_bg1.png */ = {isa = PBXFileReference; lastKnownFileType = image.png; path = btn_bg1.png; sourceTree = "<group>"; };
		49085241140C0847004F4963 /* OrderViewController.xib */ = {isa = PBXFileReference; lastKnownFileType = file.xib; path = OrderViewController.xib; sourceTree = "<group>"; };
		49085244140C0878004F4963 /* BarButtonItemGreenColor.h */ = {isa = PBXFileReference; fileEncoding = 4; lastKnownFileType = sourcecode.c.h; path = BarButtonItemGreenColor.h; sourceTree = "<group>"; };
		49085245140C0878004F4963 /* BarButtonItemGreenColor.m */ = {isa = PBXFileReference; fileEncoding = 4; lastKnownFileType = sourcecode.c.objc; path = BarButtonItemGreenColor.m; sourceTree = "<group>"; };
		49085246140C0878004F4963 /* GrayColorNavigationBar.h */ = {isa = PBXFileReference; fileEncoding = 4; lastKnownFileType = sourcecode.c.h; path = GrayColorNavigationBar.h; sourceTree = "<group>"; };
		49085247140C0878004F4963 /* GrayColorNavigationBar.m */ = {isa = PBXFileReference; fileEncoding = 4; lastKnownFileType = sourcecode.c.objc; path = GrayColorNavigationBar.m; sourceTree = "<group>"; };
		49085248140C0878004F4963 /* TabBarBackgroundView.h */ = {isa = PBXFileReference; fileEncoding = 4; lastKnownFileType = sourcecode.c.h; path = TabBarBackgroundView.h; sourceTree = "<group>"; };
		49085249140C0878004F4963 /* TabBarBackgroundView.m */ = {isa = PBXFileReference; fileEncoding = 4; lastKnownFileType = sourcecode.c.objc; path = TabBarBackgroundView.m; sourceTree = "<group>"; };
		4908524C140C0878004F4963 /* OrderViewController.h */ = {isa = PBXFileReference; fileEncoding = 4; lastKnownFileType = sourcecode.c.h; path = OrderViewController.h; sourceTree = "<group>"; };
		4908524D140C0878004F4963 /* OrderViewController.m */ = {isa = PBXFileReference; fileEncoding = 4; lastKnownFileType = sourcecode.c.objc; path = OrderViewController.m; sourceTree = "<group>"; };
		49085263140C1375004F4963 /* Offer.h */ = {isa = PBXFileReference; fileEncoding = 4; lastKnownFileType = sourcecode.c.h; path = Offer.h; sourceTree = "<group>"; };
		49085264140C1375004F4963 /* Offer.m */ = {isa = PBXFileReference; fileEncoding = 4; lastKnownFileType = sourcecode.c.objc; path = Offer.m; sourceTree = "<group>"; };
		49085267140C1375004F4963 /* ServerResponce.h */ = {isa = PBXFileReference; fileEncoding = 4; lastKnownFileType = sourcecode.c.h; path = ServerResponce.h; sourceTree = "<group>"; };
		49085268140C1375004F4963 /* ServerResponce.m */ = {isa = PBXFileReference; fileEncoding = 4; lastKnownFileType = sourcecode.c.objc; path = ServerResponce.m; sourceTree = "<group>"; };
		49085269140C1375004F4963 /* ServerResponceXMLParser.h */ = {isa = PBXFileReference; fileEncoding = 4; lastKnownFileType = sourcecode.c.h; path = ServerResponceXMLParser.h; sourceTree = "<group>"; };
		4908526A140C1375004F4963 /* ServerResponceXMLParser.m */ = {isa = PBXFileReference; fileEncoding = 4; lastKnownFileType = sourcecode.c.objc; path = ServerResponceXMLParser.m; sourceTree = "<group>"; };
		4941A6C91417EFB9000BC3D5 /* HistoryDetailViewController.h */ = {isa = PBXFileReference; fileEncoding = 4; lastKnownFileType = sourcecode.c.h; path = HistoryDetailViewController.h; sourceTree = "<group>"; };
		4941A6CA1417EFB9000BC3D5 /* HistoryDetailViewController.m */ = {isa = PBXFileReference; fileEncoding = 4; lastKnownFileType = sourcecode.c.objc; path = HistoryDetailViewController.m; sourceTree = "<group>"; };
		4941A6DB1417F372000BC3D5 /* HistoryItemCell.h */ = {isa = PBXFileReference; fileEncoding = 4; lastKnownFileType = sourcecode.c.h; path = HistoryItemCell.h; sourceTree = "<group>"; };
		4941A6DC1417F372000BC3D5 /* HistoryItemCell.m */ = {isa = PBXFileReference; fileEncoding = 4; lastKnownFileType = sourcecode.c.objc; path = HistoryItemCell.m; sourceTree = "<group>"; };
		4941A7BA1418219D000BC3D5 /* AddAddressViewController.xib */ = {isa = PBXFileReference; lastKnownFileType = file.xib; path = AddAddressViewController.xib; sourceTree = "<group>"; };
		4941A7BB1418219D000BC3D5 /* AddressViewController.xib */ = {isa = PBXFileReference; lastKnownFileType = file.xib; path = AddressViewController.xib; sourceTree = "<group>"; };
		4941A7BC1418219D000BC3D5 /* HistoryViewController.xib */ = {isa = PBXFileReference; lastKnownFileType = file.xib; path = HistoryViewController.xib; sourceTree = "<group>"; };
		49493E0D1411261C008E5AAB /* UICustomSwitch.h */ = {isa = PBXFileReference; fileEncoding = 4; lastKnownFileType = sourcecode.c.h; path = UICustomSwitch.h; sourceTree = "<group>"; };
		49493E0E1411261C008E5AAB /* UICustomSwitch.m */ = {isa = PBXFileReference; fileEncoding = 4; lastKnownFileType = sourcecode.c.objc; path = UICustomSwitch.m; sourceTree = "<group>"; };
		49493E3314112AFF008E5AAB /* switchBlueBg.png */ = {isa = PBXFileReference; lastKnownFileType = image.png; path = switchBlueBg.png; sourceTree = "<group>"; };
		49493E3414112AFF008E5AAB /* switchOffPlain.png */ = {isa = PBXFileReference; lastKnownFileType = image.png; path = switchOffPlain.png; sourceTree = "<group>"; };
		49493E3514112AFF008E5AAB /* switchThumb.png */ = {isa = PBXFileReference; lastKnownFileType = image.png; path = switchThumb.png; sourceTree = "<group>"; };
		4987A5C2140E320C009C0A12 /* background.png */ = {isa = PBXFileReference; lastKnownFileType = image.png; path = background.png; sourceTree = "<group>"; };
		4987A5C3140E320C009C0A12 /* checkbox_checked.png */ = {isa = PBXFileReference; lastKnownFileType = image.png; path = checkbox_checked.png; sourceTree = "<group>"; };
		4987A5C4140E320C009C0A12 /* checkbox_unchecked.png */ = {isa = PBXFileReference; lastKnownFileType = image.png; path = checkbox_unchecked.png; sourceTree = "<group>"; };
		4987A5C5140E320C009C0A12 /* field_1Line.png */ = {isa = PBXFileReference; lastKnownFileType = image.png; path = field_1Line.png; sourceTree = "<group>"; };
		4987A5C6140E320C009C0A12 /* field_3Line.png */ = {isa = PBXFileReference; lastKnownFileType = image.png; path = field_3Line.png; sourceTree = "<group>"; };
		4988EEE3141372C100FFD55D /* SettingsViewController.h */ = {isa = PBXFileReference; fileEncoding = 4; lastKnownFileType = sourcecode.c.h; path = SettingsViewController.h; sourceTree = "<group>"; };
		4988EEE4141372C100FFD55D /* SettingsViewController.m */ = {isa = PBXFileReference; fileEncoding = 4; lastKnownFileType = sourcecode.c.objc; path = SettingsViewController.m; sourceTree = "<group>"; };
		4988EEF41413733300FFD55D /* HistoryViewController.h */ = {isa = PBXFileReference; fileEncoding = 4; lastKnownFileType = sourcecode.c.h; path = HistoryViewController.h; sourceTree = "<group>"; };
		4988EEF51413733300FFD55D /* HistoryViewController.m */ = {isa = PBXFileReference; fileEncoding = 4; lastKnownFileType = sourcecode.c.objc; path = HistoryViewController.m; sourceTree = "<group>"; };
		4988EEF9141373AE00FFD55D /* HistoryDetailViewController.xib */ = {isa = PBXFileReference; lastKnownFileType = file.xib; path = HistoryDetailViewController.xib; sourceTree = "<group>"; };
		4988EEFB141373AE00FFD55D /* SettingsViewController.xib */ = {isa = PBXFileReference; lastKnownFileType = file.xib; path = SettingsViewController.xib; sourceTree = "<group>"; };
		4988EF091413869D00FFD55D /* SettingsCell.h */ = {isa = PBXFileReference; fileEncoding = 4; lastKnownFileType = sourcecode.c.h; path = SettingsCell.h; sourceTree = "<group>"; };
		4988EF0A1413869D00FFD55D /* SettingsCell.m */ = {isa = PBXFileReference; fileEncoding = 4; lastKnownFileType = sourcecode.c.objc; path = SettingsCell.m; sourceTree = "<group>"; };
		4988EF0B1413869D00FFD55D /* SettingsOrderCell.h */ = {isa = PBXFileReference; fileEncoding = 4; lastKnownFileType = sourcecode.c.h; path = SettingsOrderCell.h; sourceTree = "<group>"; };
		4988EF0C1413869D00FFD55D /* SettingsOrderCell.m */ = {isa = PBXFileReference; fileEncoding = 4; lastKnownFileType = sourcecode.c.objc; path = SettingsOrderCell.m; sourceTree = "<group>"; };
		4988F10E1413D4B500FFD55D /* ContractViewController.h */ = {isa = PBXFileReference; fileEncoding = 4; lastKnownFileType = sourcecode.c.h; path = ContractViewController.h; sourceTree = "<group>"; };
		4988F10F1413D4B500FFD55D /* ContractViewController.m */ = {isa = PBXFileReference; fileEncoding = 4; lastKnownFileType = sourcecode.c.objc; path = ContractViewController.m; sourceTree = "<group>"; };
		4988F1111413D4C000FFD55D /* ContractViewController.xib */ = {isa = PBXFileReference; lastKnownFileType = file.xib; path = ContractViewController.xib; sourceTree = "<group>"; };
		4988F1A61414CF2300FFD55D /* PListData.h */ = {isa = PBXFileReference; fileEncoding = 4; lastKnownFileType = sourcecode.c.h; path = PListData.h; sourceTree = "<group>"; };
		4988F1A71414CF2300FFD55D /* PListData.m */ = {isa = PBXFileReference; fileEncoding = 4; lastKnownFileType = sourcecode.c.objc; path = PListData.m; sourceTree = "<group>"; };
		4988F1AA1414CF2300FFD55D /* Preferences.h */ = {isa = PBXFileReference; fileEncoding = 4; lastKnownFileType = sourcecode.c.h; path = Preferences.h; sourceTree = "<group>"; };
		4988F1AB1414CF2300FFD55D /* Preferences.m */ = {isa = PBXFileReference; fileEncoding = 4; lastKnownFileType = sourcecode.c.objc; path = Preferences.m; sourceTree = "<group>"; };
		4988F1AC1414CF2300FFD55D /* PreferencesManager.h */ = {isa = PBXFileReference; fileEncoding = 4; lastKnownFileType = sourcecode.c.h; path = PreferencesManager.h; sourceTree = "<group>"; };
		4988F1AD1414CF2300FFD55D /* PreferencesManager.m */ = {isa = PBXFileReference; fileEncoding = 4; lastKnownFileType = sourcecode.c.objc; path = PreferencesManager.m; sourceTree = "<group>"; };
		4988F25A1414EC9300FFD55D /* Order.h */ = {isa = PBXFileReference; fileEncoding = 4; lastKnownFileType = sourcecode.c.h; path = Order.h; sourceTree = "<group>"; };
		4988F25B1414EC9300FFD55D /* Order.m */ = {isa = PBXFileReference; fileEncoding = 4; lastKnownFileType = sourcecode.c.objc; path = Order.m; sourceTree = "<group>"; };
		4988F312141524B200FFD55D /* NSDataAdditions.h */ = {isa = PBXFileReference; fileEncoding = 4; lastKnownFileType = sourcecode.c.h; path = NSDataAdditions.h; sourceTree = "<group>"; };
		4988F313141524B200FFD55D /* NSDataAdditions.m */ = {isa = PBXFileReference; fileEncoding = 4; lastKnownFileType = sourcecode.c.objc; path = NSDataAdditions.m; sourceTree = "<group>"; };
		49B83D8D141007140063357A /* CarriersViewController.xib */ = {isa = PBXFileReference; lastKnownFileType = file.xib; path = CarriersViewController.xib; sourceTree = "<group>"; };
		49B83D8E141007140063357A /* RegisterViewController.xib */ = {isa = PBXFileReference; lastKnownFileType = file.xib; path = RegisterViewController.xib; sourceTree = "<group>"; };
		49B83D91141007280063357A /* CarriersViewController.h */ = {isa = PBXFileReference; fileEncoding = 4; lastKnownFileType = sourcecode.c.h; path = CarriersViewController.h; sourceTree = "<group>"; };
		49B83D92141007280063357A /* CarriersViewController.m */ = {isa = PBXFileReference; fileEncoding = 4; lastKnownFileType = sourcecode.c.objc; path = CarriersViewController.m; sourceTree = "<group>"; };
		49B83D9D14100A4A0063357A /* OrderShowCell.h */ = {isa = PBXFileReference; fileEncoding = 4; lastKnownFileType = sourcecode.c.h; path = OrderShowCell.h; sourceTree = "<group>"; };
		49B83D9E14100A4A0063357A /* OrderShowCell.m */ = {isa = PBXFileReference; fileEncoding = 4; lastKnownFileType = sourcecode.c.objc; path = OrderShowCell.m; sourceTree = "<group>"; };
		49B83DDE1410176E0063357A /* 37x-Checkmark.png */ = {isa = PBXFileReference; lastKnownFileType = image.png; path = "37x-Checkmark.png"; sourceTree = "<group>"; };
		49BB579D141908E900BF28D1 /* Constants.h */ = {isa = PBXFileReference; fileEncoding = 4; lastKnownFileType = sourcecode.c.h; path = Constants.h; sourceTree = "<group>"; };
		49BB579E141908E900BF28D1 /* Constants.m */ = {isa = PBXFileReference; fileEncoding = 4; lastKnownFileType = sourcecode.c.objc; path = Constants.m; sourceTree = "<group>"; };
		49BFC2BD141A53D800629CB2 /* PreferredViewController.h */ = {isa = PBXFileReference; fileEncoding = 4; lastKnownFileType = sourcecode.c.h; path = PreferredViewController.h; sourceTree = "<group>"; };
		49BFC2BE141A53D800629CB2 /* PreferredViewController.m */ = {isa = PBXFileReference; fileEncoding = 4; lastKnownFileType = sourcecode.c.objc; path = PreferredViewController.m; sourceTree = "<group>"; };
		49BFC2C2141A540C00629CB2 /* PreferredViewController.xib */ = {isa = PBXFileReference; lastKnownFileType = file.xib; path = PreferredViewController.xib; sourceTree = "<group>"; };
		49BFC2C4141A545500629CB2 /* PreferredCell.h */ = {isa = PBXFileReference; fileEncoding = 4; lastKnownFileType = sourcecode.c.h; path = PreferredCell.h; sourceTree = "<group>"; };
		49BFC2C5141A545500629CB2 /* PreferredCell.m */ = {isa = PBXFileReference; fileEncoding = 4; lastKnownFileType = sourcecode.c.objc; path = PreferredCell.m; sourceTree = "<group>"; };
		49BFC2F7141A5EA500629CB2 /* Carrier.h */ = {isa = PBXFileReference; fileEncoding = 4; lastKnownFileType = sourcecode.c.h; path = Carrier.h; sourceTree = "<group>"; };
		49BFC2F8141A5EA500629CB2 /* Carrier.m */ = {isa = PBXFileReference; fileEncoding = 4; lastKnownFileType = sourcecode.c.objc; path = Carrier.m; sourceTree = "<group>"; };
		49CBC270140D25CC00D2DCC9 /* Response.h */ = {isa = PBXFileReference; fileEncoding = 4; lastKnownFileType = sourcecode.c.h; path = Response.h; sourceTree = "<group>"; };
		49CBC271140D25CC00D2DCC9 /* Response.m */ = {isa = PBXFileReference; fileEncoding = 4; lastKnownFileType = sourcecode.c.objc; path = Response.m; sourceTree = "<group>"; };
		49CBC281140D32AC00D2DCC9 /* AppProgress.h */ = {isa = PBXFileReference; fileEncoding = 4; lastKnownFileType = sourcecode.c.h; path = AppProgress.h; sourceTree = "<group>"; };
		49CBC282140D32AC00D2DCC9 /* AppProgress.m */ = {isa = PBXFileReference; fileEncoding = 4; lastKnownFileType = sourcecode.c.objc; path = AppProgress.m; sourceTree = "<group>"; };
		49CBC283140D32AC00D2DCC9 /* MBProgressHUD.h */ = {isa = PBXFileReference; fileEncoding = 4; lastKnownFileType = sourcecode.c.h; path = MBProgressHUD.h; sourceTree = "<group>"; };
		49CBC284140D32AC00D2DCC9 /* MBProgressHUD.m */ = {isa = PBXFileReference; fileEncoding = 4; lastKnownFileType = sourcecode.c.objc; path = MBProgressHUD.m; sourceTree = "<group>"; };
		49CBC297140D3B7700D2DCC9 /* AditionalPrecompileds.h */ = {isa = PBXFileReference; fileEncoding = 4; lastKnownFileType = sourcecode.c.h; path = AditionalPrecompileds.h; sourceTree = "<group>"; };
		49CBC298140D3B7700D2DCC9 /* AditionalPrecompileds.m */ = {isa = PBXFileReference; fileEncoding = 4; lastKnownFileType = sourcecode.c.objc; path = AditionalPrecompileds.m; sourceTree = "<group>"; };
		49CBC421140D5DAC00D2DCC9 /* car_type_1.png */ = {isa = PBXFileReference; lastKnownFileType = image.png; path = car_type_1.png; sourceTree = "<group>"; };
		49CBC422140D5DAC00D2DCC9 /* car_type_2.png */ = {isa = PBXFileReference; lastKnownFileType = image.png; path = car_type_2.png; sourceTree = "<group>"; };
		49CBC423140D5DAC00D2DCC9 /* car_type_3.png */ = {isa = PBXFileReference; lastKnownFileType = image.png; path = car_type_3.png; sourceTree = "<group>"; };
		49CBC439140D602B00D2DCC9 /* RegisterViewController.h */ = {isa = PBXFileReference; fileEncoding = 4; lastKnownFileType = sourcecode.c.h; path = RegisterViewController.h; sourceTree = "<group>"; };
		49CBC43A140D602B00D2DCC9 /* RegisterViewController.m */ = {isa = PBXFileReference; fileEncoding = 4; lastKnownFileType = sourcecode.c.objc; path = RegisterViewController.m; sourceTree = "<group>"; };
		58FF5FB9141608290088166E /* JSONKit.h */ = {isa = PBXFileReference; fileEncoding = 4; lastKnownFileType = sourcecode.c.h; path = JSONKit.h; sourceTree = "<group>"; };
		58FF5FBA141608290088166E /* JSONKit.m */ = {isa = PBXFileReference; fileEncoding = 4; lastKnownFileType = sourcecode.c.objc; path = JSONKit.m; sourceTree = "<group>"; };
		58FF5FBC141608290088166E /* GoogleResultPlacemark.h */ = {isa = PBXFileReference; fileEncoding = 4; lastKnownFileType = sourcecode.c.h; path = GoogleResultPlacemark.h; sourceTree = "<group>"; };
		58FF5FBD141608290088166E /* GoogleResultPlacemark.m */ = {isa = PBXFileReference; fileEncoding = 4; lastKnownFileType = sourcecode.c.objc; path = GoogleResultPlacemark.m; sourceTree = "<group>"; };
		58FF5FBE141608290088166E /* GoogleServiceManager.h */ = {isa = PBXFileReference; fileEncoding = 4; lastKnownFileType = sourcecode.c.h; path = GoogleServiceManager.h; sourceTree = "<group>"; };
		58FF5FBF141608290088166E /* GoogleServiceManager.m */ = {isa = PBXFileReference; fileEncoding = 4; lastKnownFileType = sourcecode.c.objc; path = GoogleServiceManager.m; sourceTree = "<group>"; };
		58FF5FC0141608290088166E /* GoogleServiceManagerDelegate.h */ = {isa = PBXFileReference; fileEncoding = 4; lastKnownFileType = sourcecode.c.h; path = GoogleServiceManagerDelegate.h; sourceTree = "<group>"; };
		58FF5FC1141608290088166E /* MapViewAddressSearchBar.h */ = {isa = PBXFileReference; fileEncoding = 4; lastKnownFileType = sourcecode.c.h; path = MapViewAddressSearchBar.h; sourceTree = "<group>"; };
		58FF5FC2141608290088166E /* MapViewAddressSearchBar.m */ = {isa = PBXFileReference; fileEncoding = 4; lastKnownFileType = sourcecode.c.objc; path = MapViewAddressSearchBar.m; sourceTree = "<group>"; };
		58FF5FC3141608290088166E /* MapViewAddressSearchBar.xib */ = {isa = PBXFileReference; fileEncoding = 4; lastKnownFileType = file.xib; path = MapViewAddressSearchBar.xib; sourceTree = "<group>"; };
		58FF5FC4141608290088166E /* MapViewBaseBar.h */ = {isa = PBXFileReference; fileEncoding = 4; lastKnownFileType = sourcecode.c.h; path = MapViewBaseBar.h; sourceTree = "<group>"; };
		58FF5FC5141608290088166E /* MapViewBaseBar.m */ = {isa = PBXFileReference; fileEncoding = 4; lastKnownFileType = sourcecode.c.objc; path = MapViewBaseBar.m; sourceTree = "<group>"; };
		58FF5FC6141608290088166E /* MapViewController.h */ = {isa = PBXFileReference; fileEncoding = 4; lastKnownFileType = sourcecode.c.h; path = MapViewController.h; sourceTree = "<group>"; };
		58FF5FC7141608290088166E /* MapViewController.m */ = {isa = PBXFileReference; fileEncoding = 4; lastKnownFileType = sourcecode.c.objc; path = MapViewController.m; sourceTree = "<group>"; };
		58FF5FC8141608290088166E /* MapViewController.xib */ = {isa = PBXFileReference; fileEncoding = 4; lastKnownFileType = file.xib; path = MapViewController.xib; sourceTree = "<group>"; };
		58FF5FC9141608290088166E /* MapViewRouteSearchBar.h */ = {isa = PBXFileReference; fileEncoding = 4; lastKnownFileType = sourcecode.c.h; path = MapViewRouteSearchBar.h; sourceTree = "<group>"; };
		58FF5FCA141608290088166E /* MapViewRouteSearchBar.m */ = {isa = PBXFileReference; fileEncoding = 4; lastKnownFileType = sourcecode.c.objc; path = MapViewRouteSearchBar.m; sourceTree = "<group>"; };
		58FF5FCB141608290088166E /* MapViewRouteSearchBar.xib */ = {isa = PBXFileReference; fileEncoding = 4; lastKnownFileType = file.xib; path = MapViewRouteSearchBar.xib; sourceTree = "<group>"; };
		58FF5FCC141608290088166E /* MapViewSearchBar.h */ = {isa = PBXFileReference; fileEncoding = 4; lastKnownFileType = sourcecode.c.h; path = MapViewSearchBar.h; sourceTree = "<group>"; };
		58FF5FCD141608290088166E /* MapViewSearchBar.m */ = {isa = PBXFileReference; fileEncoding = 4; lastKnownFileType = sourcecode.c.objc; path = MapViewSearchBar.m; sourceTree = "<group>"; };
		58FF5FCE141608290088166E /* MapViewSearchBar.xib */ = {isa = PBXFileReference; fileEncoding = 4; lastKnownFileType = file.xib; path = MapViewSearchBar.xib; sourceTree = "<group>"; };
		58FF5FCF141608290088166E /* MapViewSearchBarDelegate.h */ = {isa = PBXFileReference; fileEncoding = 4; lastKnownFileType = sourcecode.c.h; path = MapViewSearchBarDelegate.h; sourceTree = "<group>"; };
		58FF5FD0141608290088166E /* NSString+URLEncode.h */ = {isa = PBXFileReference; fileEncoding = 4; lastKnownFileType = sourcecode.c.h; path = "NSString+URLEncode.h"; sourceTree = "<group>"; };
		58FF5FD1141608290088166E /* NSString+URLEncode.m */ = {isa = PBXFileReference; fileEncoding = 4; lastKnownFileType = sourcecode.c.objc; path = "NSString+URLEncode.m"; sourceTree = "<group>"; };
		58FF5FE0141608B40088166E /* AddAddressViewController.h */ = {isa = PBXFileReference; fileEncoding = 4; lastKnownFileType = sourcecode.c.h; path = AddAddressViewController.h; sourceTree = "<group>"; };
		58FF5FE1141608B40088166E /* AddAddressViewController.m */ = {isa = PBXFileReference; fileEncoding = 4; lastKnownFileType = sourcecode.c.objc; path = AddAddressViewController.m; sourceTree = "<group>"; };
		58FF5FE3141608B40088166E /* AddressViewController.h */ = {isa = PBXFileReference; fileEncoding = 4; lastKnownFileType = sourcecode.c.h; path = AddressViewController.h; sourceTree = "<group>"; };
		58FF5FE4141608B40088166E /* AddressViewController.m */ = {isa = PBXFileReference; fileEncoding = 4; lastKnownFileType = sourcecode.c.objc; path = AddressViewController.m; sourceTree = "<group>"; };
		58FF5FE6141608B40088166E /* AddressViewControllerDelegate.h */ = {isa = PBXFileReference; fileEncoding = 4; lastKnownFileType = sourcecode.c.h; path = AddressViewControllerDelegate.h; sourceTree = "<group>"; };
		58FF5FF314160F310088166E /* Address.h */ = {isa = PBXFileReference; fileEncoding = 4; lastKnownFileType = sourcecode.c.h; name = Address.h; path = ../MapControl/Address.h; sourceTree = "<group>"; };
		58FF5FF414160F310088166E /* Address.m */ = {isa = PBXFileReference; fileEncoding = 4; lastKnownFileType = sourcecode.c.objc; name = Address.m; path = ../MapControl/Address.m; sourceTree = "<group>"; };
		58FF5FF9141610960088166E /* AddressBook.framework */ = {isa = PBXFileReference; lastKnownFileType = wrapper.framework; name = AddressBook.framework; path = System/Library/Frameworks/AddressBook.framework; sourceTree = SDKROOT; };
		58FF5FFA141610960088166E /* CoreLocation.framework */ = {isa = PBXFileReference; lastKnownFileType = wrapper.framework; name = CoreLocation.framework; path = System/Library/Frameworks/CoreLocation.framework; sourceTree = SDKROOT; };
		58FF5FFD141621690088166E /* GoogleServiceDirectionsManager.h */ = {isa = PBXFileReference; fileEncoding = 4; lastKnownFileType = sourcecode.c.h; path = GoogleServiceDirectionsManager.h; sourceTree = "<group>"; };
		58FF5FFE141621690088166E /* GoogleServiceDirectionsManager.m */ = {isa = PBXFileReference; fileEncoding = 4; lastKnownFileType = sourcecode.c.objc; path = GoogleServiceDirectionsManager.m; sourceTree = "<group>"; };
		58FF60001416217E0088166E /* GoogleServiceDirectionsManagerDelegate.h */ = {isa = PBXFileReference; fileEncoding = 4; lastKnownFileType = sourcecode.c.h; path = GoogleServiceDirectionsManagerDelegate.h; sourceTree = "<group>"; };
		8D1107310486CEB800E47090 /* SupTaxi-Info.plist */ = {isa = PBXFileReference; fileEncoding = 4; lastKnownFileType = text.plist.xml; path = "SupTaxi-Info.plist"; plistStructureDefinitionIdentifier = "com.apple.xcode.plist.structure-definition.iphone.info-plist"; sourceTree = "<group>"; };
/* End PBXFileReference section */

/* Begin PBXFrameworksBuildPhase section */
		1D60588F0D05DD3D006BFB54 /* Frameworks */ = {
			isa = PBXFrameworksBuildPhase;
			buildActionMask = 2147483647;
			files = (
				58FF5FFB141610970088166E /* AddressBook.framework in Frameworks */,
				58FF5FFC141610970088166E /* CoreLocation.framework in Frameworks */,
				1D60589F0D05DD5A006BFB54 /* Foundation.framework in Frameworks */,
				1DF5F4E00D08C38300B7A737 /* UIKit.framework in Frameworks */,
				288765A50DF7441C002DB57D /* CoreGraphics.framework in Frameworks */,
				28D801B40F44B63D00FB423F /* CoreData.framework in Frameworks */,
				490850B5140BC965004F4963 /* MapKit.framework in Frameworks */,
			);
			runOnlyForDeploymentPostprocessing = 0;
		};
/* End PBXFrameworksBuildPhase section */

/* Begin PBXGroup section */
		080E96DDFE201D6D7F000001 /* Classes */ = {
			isa = PBXGroup;
			children = (
				58FF5FB7141608290088166E /* 3rdParty */,
				58FF5FBB141608290088166E /* MapControl */,
				4988F1A51414CF2300FFD55D /* PlistData */,
				49085260140C1375004F4963 /* Logic */,
				49085243140C0878004F4963 /* BarCustomization */,
				49B83D9C14100A4A0063357A /* CustomCells */,
				4908524B140C0878004F4963 /* ViewControllers */,
				1D3623240D0F684500981E51 /* SupTaxiAppDelegate.h */,
				1D3623250D0F684500981E51 /* SupTaxiAppDelegate.m */,
			);
			path = Classes;
			sourceTree = "<group>";
		};
		19C28FACFE9D520D11CA2CBB /* Products */ = {
			isa = PBXGroup;
			children = (
				1D6058910D05DD3D006BFB54 /* SupTaxi.app */,
			);
			name = Products;
			sourceTree = "<group>";
		};
		29B97314FDCFA39411CA2CEA /* CustomTemplate */ = {
			isa = PBXGroup;
			children = (
				080E96DDFE201D6D7F000001 /* Classes */,
				29B97315FDCFA39411CA2CEA /* Other Sources */,
				29B97317FDCFA39411CA2CEA /* Resources */,
				29B97323FDCFA39411CA2CEA /* Frameworks */,
				19C28FACFE9D520D11CA2CBB /* Products */,
			);
			name = CustomTemplate;
			sourceTree = "<group>";
		};
		29B97315FDCFA39411CA2CEA /* Other Sources */ = {
			isa = PBXGroup;
			children = (
				32CA4F630368D1EE00C91783 /* SupTaxi_Prefix.pch */,
				29B97316FDCFA39411CA2CEA /* main.m */,
			);
			name = "Other Sources";
			sourceTree = "<group>";
		};
		29B97317FDCFA39411CA2CEA /* Resources */ = {
			isa = PBXGroup;
			children = (
				49085240140C0847004F4963 /* Xib */,
				4908505A140BB080004F4963 /* Images */,
				28AD733E0D9D9553002E5188 /* MainWindow.xib */,
				8D1107310486CEB800E47090 /* SupTaxi-Info.plist */,
			);
			name = Resources;
			sourceTree = "<group>";
		};
		29B97323FDCFA39411CA2CEA /* Frameworks */ = {
			isa = PBXGroup;
			children = (
				58FF5FF9141610960088166E /* AddressBook.framework */,
				58FF5FFA141610960088166E /* CoreLocation.framework */,
				1DF5F4DF0D08C38300B7A737 /* UIKit.framework */,
				1D30AB110D05D00D00671497 /* Foundation.framework */,
				288765A40DF7441C002DB57D /* CoreGraphics.framework */,
				28D801B30F44B63D00FB423F /* CoreData.framework */,
				490850B4140BC965004F4963 /* MapKit.framework */,
			);
			name = Frameworks;
			sourceTree = "<group>";
		};
		4908505A140BB080004F4963 /* Images */ = {
			isa = PBXGroup;
			children = (
				49493E3314112AFF008E5AAB /* switchBlueBg.png */,
				49493E3414112AFF008E5AAB /* switchOffPlain.png */,
				49493E3514112AFF008E5AAB /* switchThumb.png */,
				4987A5C1140E320C009C0A12 /* Reg */,
				49B83DDE1410176E0063357A /* 37x-Checkmark.png */,
				49CBC421140D5DAC00D2DCC9 /* car_type_1.png */,
				49CBC422140D5DAC00D2DCC9 /* car_type_2.png */,
				49CBC423140D5DAC00D2DCC9 /* car_type_3.png */,
				4908510C140BD66A004F4963 /* btn_bg1.png */,
				49085077140BC325004F4963 /* logo_header copy.png */,
				4908505B140BB080004F4963 /* btn_bg.png */,
				4908505C140BB080004F4963 /* btn_change_locations.png */,
				4908505D140BB080004F4963 /* btn_field_addressbook.png */,
				4908505E140BB080004F4963 /* btn_field_date_pick.png */,
				4908505F140BB080004F4963 /* btn_tb_history.png */,
				49085060140BB080004F4963 /* btn_tb_my_address.png */,
				49085061140BB080004F4963 /* btn_tb_settings.png */,
				49085063140BB080004F4963 /* form_field_bg.png */,
				49085064140BB080004F4963 /* form_line.png */,
				49085065140BB080004F4963 /* logo_header.png */,
			);
			path = Images;
			sourceTree = "<group>";
		};
		49085240140C0847004F4963 /* Xib */ = {
			isa = PBXGroup;
			children = (
				49BFC2C2141A540C00629CB2 /* PreferredViewController.xib */,
				4941A7BA1418219D000BC3D5 /* AddAddressViewController.xib */,
				4941A7BB1418219D000BC3D5 /* AddressViewController.xib */,
				4941A7BC1418219D000BC3D5 /* HistoryViewController.xib */,
				4988F1111413D4C000FFD55D /* ContractViewController.xib */,
				4988EEF9141373AE00FFD55D /* HistoryDetailViewController.xib */,
				4988EEFB141373AE00FFD55D /* SettingsViewController.xib */,
				49B83D8D141007140063357A /* CarriersViewController.xib */,
				49B83D8E141007140063357A /* RegisterViewController.xib */,
				49085241140C0847004F4963 /* OrderViewController.xib */,
			);
			path = Xib;
			sourceTree = "<group>";
		};
		49085243140C0878004F4963 /* BarCustomization */ = {
			isa = PBXGroup;
			children = (
				49085244140C0878004F4963 /* BarButtonItemGreenColor.h */,
				49085245140C0878004F4963 /* BarButtonItemGreenColor.m */,
				49085246140C0878004F4963 /* GrayColorNavigationBar.h */,
				49085247140C0878004F4963 /* GrayColorNavigationBar.m */,
				49085248140C0878004F4963 /* TabBarBackgroundView.h */,
				49085249140C0878004F4963 /* TabBarBackgroundView.m */,
			);
			path = BarCustomization;
			sourceTree = "<group>";
		};
		4908524B140C0878004F4963 /* ViewControllers */ = {
			isa = PBXGroup;
			children = (
				58FF5FE0141608B40088166E /* AddAddressViewController.h */,
				58FF5FE1141608B40088166E /* AddAddressViewController.m */,
				58FF5FE3141608B40088166E /* AddressViewController.h */,
				58FF5FE4141608B40088166E /* AddressViewController.m */,
				58FF5FE6141608B40088166E /* AddressViewControllerDelegate.h */,
				49B83D91141007280063357A /* CarriersViewController.h */,
				49B83D92141007280063357A /* CarriersViewController.m */,
				4908524C140C0878004F4963 /* OrderViewController.h */,
				4908524D140C0878004F4963 /* OrderViewController.m */,
				49CBC439140D602B00D2DCC9 /* RegisterViewController.h */,
				49CBC43A140D602B00D2DCC9 /* RegisterViewController.m */,
				4988EEF41413733300FFD55D /* HistoryViewController.h */,
				4988EEF51413733300FFD55D /* HistoryViewController.m */,
				4988EEE3141372C100FFD55D /* SettingsViewController.h */,
				4988EEE4141372C100FFD55D /* SettingsViewController.m */,
				4988F10E1413D4B500FFD55D /* ContractViewController.h */,
				4988F10F1413D4B500FFD55D /* ContractViewController.m */,
				4941A6C91417EFB9000BC3D5 /* HistoryDetailViewController.h */,
				4941A6CA1417EFB9000BC3D5 /* HistoryDetailViewController.m */,
				49BFC2BD141A53D800629CB2 /* PreferredViewController.h */,
				49BFC2BE141A53D800629CB2 /* PreferredViewController.m */,
			);
			path = ViewControllers;
			sourceTree = "<group>";
		};
		49085260140C1375004F4963 /* Logic */ = {
			isa = PBXGroup;
			children = (
				4988F312141524B200FFD55D /* NSDataAdditions.h */,
				4988F313141524B200FFD55D /* NSDataAdditions.m */,
				49CBC297140D3B7700D2DCC9 /* AditionalPrecompileds.h */,
				49CBC298140D3B7700D2DCC9 /* AditionalPrecompileds.m */,
				49CBC280140D32AC00D2DCC9 /* Progress */,
				4908528A140C192A004F4963 /* Objects */,
				49085267140C1375004F4963 /* ServerResponce.h */,
				49085268140C1375004F4963 /* ServerResponce.m */,
				49085269140C1375004F4963 /* ServerResponceXMLParser.h */,
				4908526A140C1375004F4963 /* ServerResponceXMLParser.m */,
				49493E0D1411261C008E5AAB /* UICustomSwitch.h */,
				49493E0E1411261C008E5AAB /* UICustomSwitch.m */,
				49BB579D141908E900BF28D1 /* Constants.h */,
				49BB579E141908E900BF28D1 /* Constants.m */,
			);
			path = Logic;
			sourceTree = "<group>";
		};
		4908528A140C192A004F4963 /* Objects */ = {
			isa = PBXGroup;
			children = (
				58FF5FF314160F310088166E /* Address.h */,
				58FF5FF414160F310088166E /* Address.m */,
				49085263140C1375004F4963 /* Offer.h */,
				49085264140C1375004F4963 /* Offer.m */,
				49CBC270140D25CC00D2DCC9 /* Response.h */,
				49CBC271140D25CC00D2DCC9 /* Response.m */,
				4988F25A1414EC9300FFD55D /* Order.h */,
				4988F25B1414EC9300FFD55D /* Order.m */,
				49BFC2F7141A5EA500629CB2 /* Carrier.h */,
				49BFC2F8141A5EA500629CB2 /* Carrier.m */,
			);
			name = Objects;
			sourceTree = "<group>";
		};
		4987A5C1140E320C009C0A12 /* Reg */ = {
			isa = PBXGroup;
			children = (
				4987A5C2140E320C009C0A12 /* background.png */,
				4987A5C3140E320C009C0A12 /* checkbox_checked.png */,
				4987A5C4140E320C009C0A12 /* checkbox_unchecked.png */,
				4987A5C5140E320C009C0A12 /* field_1Line.png */,
				4987A5C6140E320C009C0A12 /* field_3Line.png */,
			);
			path = Reg;
			sourceTree = "<group>";
		};
		4988F1A51414CF2300FFD55D /* PlistData */ = {
			isa = PBXGroup;
			children = (
				4988F1A61414CF2300FFD55D /* PListData.h */,
				4988F1A71414CF2300FFD55D /* PListData.m */,
				4988F1AA1414CF2300FFD55D /* Preferences.h */,
				4988F1AB1414CF2300FFD55D /* Preferences.m */,
				4988F1AC1414CF2300FFD55D /* PreferencesManager.h */,
				4988F1AD1414CF2300FFD55D /* PreferencesManager.m */,
			);
			path = PlistData;
			sourceTree = "<group>";
		};
		49B83D9C14100A4A0063357A /* CustomCells */ = {
			isa = PBXGroup;
			children = (
				4988EF091413869D00FFD55D /* SettingsCell.h */,
				4988EF0A1413869D00FFD55D /* SettingsCell.m */,
				4988EF0B1413869D00FFD55D /* SettingsOrderCell.h */,
				4988EF0C1413869D00FFD55D /* SettingsOrderCell.m */,
				49B83D9D14100A4A0063357A /* OrderShowCell.h */,
				49B83D9E14100A4A0063357A /* OrderShowCell.m */,
				4941A6DB1417F372000BC3D5 /* HistoryItemCell.h */,
				4941A6DC1417F372000BC3D5 /* HistoryItemCell.m */,
				49BFC2C4141A545500629CB2 /* PreferredCell.h */,
				49BFC2C5141A545500629CB2 /* PreferredCell.m */,
			);
			path = CustomCells;
			sourceTree = "<group>";
		};
		49CBC280140D32AC00D2DCC9 /* Progress */ = {
			isa = PBXGroup;
			children = (
				49CBC281140D32AC00D2DCC9 /* AppProgress.h */,
				49CBC282140D32AC00D2DCC9 /* AppProgress.m */,
				49CBC283140D32AC00D2DCC9 /* MBProgressHUD.h */,
				49CBC284140D32AC00D2DCC9 /* MBProgressHUD.m */,
			);
			path = Progress;
			sourceTree = "<group>";
		};
		58FF5FB7141608290088166E /* 3rdParty */ = {
			isa = PBXGroup;
			children = (
				58FF5FB8141608290088166E /* JSONKit */,
			);
			path = 3rdParty;
			sourceTree = "<group>";
		};
		58FF5FB8141608290088166E /* JSONKit */ = {
			isa = PBXGroup;
			children = (
				58FF5FB9141608290088166E /* JSONKit.h */,
				58FF5FBA141608290088166E /* JSONKit.m */,
			);
			path = JSONKit;
			sourceTree = "<group>";
		};
		58FF5FBB141608290088166E /* MapControl */ = {
			isa = PBXGroup;
			children = (
				58FF5FF214160AE70088166E /* Classes */,
				58FF5FF114160ADF0088166E /* TopBars */,
				58FF5FF014160AD40088166E /* Extensions */,
				58FF5FC6141608290088166E /* MapViewController.h */,
				58FF5FC7141608290088166E /* MapViewController.m */,
				58FF5FC8141608290088166E /* MapViewController.xib */,
			);
			path = MapControl;
			sourceTree = "<group>";
		};
		58FF5FF014160AD40088166E /* Extensions */ = {
			isa = PBXGroup;
			children = (
				58FF5FD0141608290088166E /* NSString+URLEncode.h */,
				58FF5FD1141608290088166E /* NSString+URLEncode.m */,
			);
			name = Extensions;
			sourceTree = "<group>";
		};
		58FF5FF114160ADF0088166E /* TopBars */ = {
			isa = PBXGroup;
			children = (
				58FF5FC4141608290088166E /* MapViewBaseBar.h */,
				58FF5FC5141608290088166E /* MapViewBaseBar.m */,
				58FF5FCF141608290088166E /* MapViewSearchBarDelegate.h */,
				58FF5FC1141608290088166E /* MapViewAddressSearchBar.h */,
				58FF5FC2141608290088166E /* MapViewAddressSearchBar.m */,
				58FF5FC3141608290088166E /* MapViewAddressSearchBar.xib */,
				58FF5FC9141608290088166E /* MapViewRouteSearchBar.h */,
				58FF5FCA141608290088166E /* MapViewRouteSearchBar.m */,
				58FF5FCB141608290088166E /* MapViewRouteSearchBar.xib */,
				58FF5FCC141608290088166E /* MapViewSearchBar.h */,
				58FF5FCD141608290088166E /* MapViewSearchBar.m */,
				58FF5FCE141608290088166E /* MapViewSearchBar.xib */,
			);
			name = TopBars;
			sourceTree = "<group>";
		};
		58FF5FF214160AE70088166E /* Classes */ = {
			isa = PBXGroup;
			children = (
				58FF5FBC141608290088166E /* GoogleResultPlacemark.h */,
				58FF5FBD141608290088166E /* GoogleResultPlacemark.m */,
				58FF5FBE141608290088166E /* GoogleServiceManager.h */,
				58FF5FBF141608290088166E /* GoogleServiceManager.m */,
				58FF5FC0141608290088166E /* GoogleServiceManagerDelegate.h */,
				58FF5FFD141621690088166E /* GoogleServiceDirectionsManager.h */,
				58FF5FFE141621690088166E /* GoogleServiceDirectionsManager.m */,
				58FF60001416217E0088166E /* GoogleServiceDirectionsManagerDelegate.h */,
			);
			name = Classes;
			sourceTree = "<group>";
		};
/* End PBXGroup section */

/* Begin PBXNativeTarget section */
		1D6058900D05DD3D006BFB54 /* SupTaxi */ = {
			isa = PBXNativeTarget;
			buildConfigurationList = 1D6058960D05DD3E006BFB54 /* Build configuration list for PBXNativeTarget "SupTaxi" */;
			buildPhases = (
				1D60588D0D05DD3D006BFB54 /* Resources */,
				1D60588E0D05DD3D006BFB54 /* Sources */,
				1D60588F0D05DD3D006BFB54 /* Frameworks */,
			);
			buildRules = (
			);
			dependencies = (
			);
			name = SupTaxi;
			productName = SupTaxi;
			productReference = 1D6058910D05DD3D006BFB54 /* SupTaxi.app */;
			productType = "com.apple.product-type.application";
		};
/* End PBXNativeTarget section */

/* Begin PBXProject section */
		29B97313FDCFA39411CA2CEA /* Project object */ = {
			isa = PBXProject;
			attributes = {
				LastUpgradeCheck = 0410;
			};
			buildConfigurationList = C01FCF4E08A954540054247B /* Build configuration list for PBXProject "SupTaxi" */;
			compatibilityVersion = "Xcode 3.2";
			developmentRegion = English;
			hasScannedForEncodings = 1;
			knownRegions = (
				English,
				Japanese,
				French,
				German,
			);
			mainGroup = 29B97314FDCFA39411CA2CEA /* CustomTemplate */;
			projectDirPath = "";
			projectRoot = "";
			targets = (
				1D6058900D05DD3D006BFB54 /* SupTaxi */,
			);
		};
/* End PBXProject section */

/* Begin PBXResourcesBuildPhase section */
		1D60588D0D05DD3D006BFB54 /* Resources */ = {
			isa = PBXResourcesBuildPhase;
			buildActionMask = 2147483647;
			files = (
				28AD733F0D9D9553002E5188 /* MainWindow.xib in Resources */,
				49085066140BB080004F4963 /* btn_bg.png in Resources */,
				49085067140BB080004F4963 /* btn_change_locations.png in Resources */,
				49085068140BB080004F4963 /* btn_field_addressbook.png in Resources */,
				49085069140BB080004F4963 /* btn_field_date_pick.png in Resources */,
				4908506A140BB080004F4963 /* btn_tb_history.png in Resources */,
				4908506B140BB080004F4963 /* btn_tb_my_address.png in Resources */,
				4908506C140BB080004F4963 /* btn_tb_settings.png in Resources */,
				4908506E140BB080004F4963 /* form_field_bg.png in Resources */,
				4908506F140BB080004F4963 /* form_line.png in Resources */,
				49085070140BB080004F4963 /* logo_header.png in Resources */,
				49085078140BC325004F4963 /* logo_header copy.png in Resources */,
				4908510D140BD66A004F4963 /* btn_bg1.png in Resources */,
				49085242140C0847004F4963 /* OrderViewController.xib in Resources */,
				49CBC424140D5DAC00D2DCC9 /* car_type_1.png in Resources */,
				49CBC425140D5DAC00D2DCC9 /* car_type_2.png in Resources */,
				49CBC426140D5DAC00D2DCC9 /* car_type_3.png in Resources */,
				4987A5C7140E320C009C0A12 /* background.png in Resources */,
				4987A5C8140E320C009C0A12 /* checkbox_checked.png in Resources */,
				4987A5C9140E320C009C0A12 /* checkbox_unchecked.png in Resources */,
				4987A5CA140E320C009C0A12 /* field_1Line.png in Resources */,
				4987A5CB140E320C009C0A12 /* field_3Line.png in Resources */,
				49B83D8F141007140063357A /* CarriersViewController.xib in Resources */,
				49B83D90141007140063357A /* RegisterViewController.xib in Resources */,
				49B83DDF1410176E0063357A /* 37x-Checkmark.png in Resources */,
				49493E3614112AFF008E5AAB /* switchBlueBg.png in Resources */,
				49493E3714112AFF008E5AAB /* switchOffPlain.png in Resources */,
				49493E3814112AFF008E5AAB /* switchThumb.png in Resources */,
				4988EEFC141373AE00FFD55D /* HistoryDetailViewController.xib in Resources */,
				4988EEFE141373AE00FFD55D /* SettingsViewController.xib in Resources */,
				4988F1121413D4C000FFD55D /* ContractViewController.xib in Resources */,
				58FF5FD6141608290088166E /* MapViewAddressSearchBar.xib in Resources */,
				58FF5FD9141608290088166E /* MapViewController.xib in Resources */,
				58FF5FDB141608290088166E /* MapViewRouteSearchBar.xib in Resources */,
				58FF5FDD141608290088166E /* MapViewSearchBar.xib in Resources */,
				4941A7BD1418219D000BC3D5 /* AddAddressViewController.xib in Resources */,
				4941A7BE1418219D000BC3D5 /* AddressViewController.xib in Resources */,
				4941A7BF1418219D000BC3D5 /* HistoryViewController.xib in Resources */,
				49BFC2C3141A540C00629CB2 /* PreferredViewController.xib in Resources */,
			);
			runOnlyForDeploymentPostprocessing = 0;
		};
/* End PBXResourcesBuildPhase section */

/* Begin PBXSourcesBuildPhase section */
		1D60588E0D05DD3D006BFB54 /* Sources */ = {
			isa = PBXSourcesBuildPhase;
			buildActionMask = 2147483647;
			files = (
				1D60589B0D05DD56006BFB54 /* main.m in Sources */,
				1D3623260D0F684500981E51 /* SupTaxiAppDelegate.m in Sources */,
				4908524E140C0878004F4963 /* BarButtonItemGreenColor.m in Sources */,
				4908524F140C0878004F4963 /* GrayColorNavigationBar.m in Sources */,
				49085250140C0878004F4963 /* TabBarBackgroundView.m in Sources */,
				49085251140C0878004F4963 /* OrderViewController.m in Sources */,
				4908526C140C1375004F4963 /* Offer.m in Sources */,
				4908526E140C1375004F4963 /* ServerResponce.m in Sources */,
				4908526F140C1375004F4963 /* ServerResponceXMLParser.m in Sources */,
				49CBC272140D25CC00D2DCC9 /* Response.m in Sources */,
				49CBC285140D32AC00D2DCC9 /* AppProgress.m in Sources */,
				49CBC286140D32AC00D2DCC9 /* MBProgressHUD.m in Sources */,
				49CBC299140D3B7700D2DCC9 /* AditionalPrecompileds.m in Sources */,
				49CBC43C140D602B00D2DCC9 /* RegisterViewController.m in Sources */,
				49B83D93141007280063357A /* CarriersViewController.m in Sources */,
				49B83D9F14100A4A0063357A /* OrderShowCell.m in Sources */,
				49493E0F1411261C008E5AAB /* UICustomSwitch.m in Sources */,
				4988EEE6141372C100FFD55D /* SettingsViewController.m in Sources */,
				4988EEF71413733300FFD55D /* HistoryViewController.m in Sources */,
				4988EF0D1413869D00FFD55D /* SettingsCell.m in Sources */,
				4988EF0E1413869D00FFD55D /* SettingsOrderCell.m in Sources */,
				4988F1101413D4B500FFD55D /* ContractViewController.m in Sources */,
				4988F1AE1414CF2300FFD55D /* PListData.m in Sources */,
				4988F1B01414CF2300FFD55D /* Preferences.m in Sources */,
				4988F1B11414CF2300FFD55D /* PreferencesManager.m in Sources */,
				4988F25C1414EC9300FFD55D /* Order.m in Sources */,
				4988F314141524B200FFD55D /* NSDataAdditions.m in Sources */,
				58FF5FD2141608290088166E /* JSONKit.m in Sources */,
				58FF5FD3141608290088166E /* GoogleResultPlacemark.m in Sources */,
				58FF5FD4141608290088166E /* GoogleServiceManager.m in Sources */,
				58FF5FD5141608290088166E /* MapViewAddressSearchBar.m in Sources */,
				58FF5FD7141608290088166E /* MapViewBaseBar.m in Sources */,
				58FF5FD8141608290088166E /* MapViewController.m in Sources */,
				58FF5FDA141608290088166E /* MapViewRouteSearchBar.m in Sources */,
				58FF5FDC141608290088166E /* MapViewSearchBar.m in Sources */,
				58FF5FDE141608290088166E /* NSString+URLEncode.m in Sources */,
				58FF5FEA141608B40088166E /* AddAddressViewController.m in Sources */,
				58FF5FEC141608B40088166E /* AddressViewController.m in Sources */,
				58FF5FF514160F310088166E /* Address.m in Sources */,
				58FF5FFF141621690088166E /* GoogleServiceDirectionsManager.m in Sources */,
				4941A6CB1417EFB9000BC3D5 /* HistoryDetailViewController.m in Sources */,
				4941A6DD1417F372000BC3D5 /* HistoryItemCell.m in Sources */,
				49BB579F141908E900BF28D1 /* Constants.m in Sources */,
				49BFC2C0141A53D800629CB2 /* PreferredViewController.m in Sources */,
				49BFC2C6141A545500629CB2 /* PreferredCell.m in Sources */,
				49BFC2F9141A5EA500629CB2 /* Carrier.m in Sources */,
			);
			runOnlyForDeploymentPostprocessing = 0;
		};
/* End PBXSourcesBuildPhase section */

/* Begin XCBuildConfiguration section */
		1D6058940D05DD3E006BFB54 /* Debug */ = {
			isa = XCBuildConfiguration;
			buildSettings = {
				ALWAYS_SEARCH_USER_PATHS = NO;
				COPY_PHASE_STRIP = NO;
				GCC_DYNAMIC_NO_PIC = NO;
				GCC_OPTIMIZATION_LEVEL = 0;
				GCC_PRECOMPILE_PREFIX_HEADER = YES;
				GCC_PREFIX_HEADER = SupTaxi_Prefix.pch;
				GCC_VERSION = com.apple.compilers.llvmgcc42;
				INFOPLIST_FILE = "SupTaxi-Info.plist";
				IPHONEOS_DEPLOYMENT_TARGET = 4.2;
				PRODUCT_NAME = SupTaxi;
			};
			name = Debug;
		};
		1D6058950D05DD3E006BFB54 /* Release */ = {
			isa = XCBuildConfiguration;
			buildSettings = {
				ALWAYS_SEARCH_USER_PATHS = NO;
				COPY_PHASE_STRIP = YES;
				GCC_PRECOMPILE_PREFIX_HEADER = YES;
				GCC_PREFIX_HEADER = SupTaxi_Prefix.pch;
				GCC_VERSION = com.apple.compilers.llvmgcc42;
				INFOPLIST_FILE = "SupTaxi-Info.plist";
				IPHONEOS_DEPLOYMENT_TARGET = 4.2;
				PRODUCT_NAME = SupTaxi;
				VALIDATE_PRODUCT = YES;
			};
			name = Release;
		};
		C01FCF4F08A954540054247B /* Debug */ = {
			isa = XCBuildConfiguration;
			buildSettings = {
				ARCHS = "$(ARCHS_STANDARD_32_BIT)";
				CODE_SIGN_IDENTITY = "";
				"CODE_SIGN_IDENTITY[sdk=iphoneos*]" = "iPhone Developer";
				GCC_C_LANGUAGE_STANDARD = c99;
				GCC_WARN_ABOUT_RETURN_TYPE = YES;
				GCC_WARN_UNUSED_VARIABLE = YES;
				IPHONEOS_DEPLOYMENT_TARGET = 4.2;
				SDKROOT = iphoneos;
			};
			name = Debug;
		};
		C01FCF5008A954540054247B /* Release */ = {
			isa = XCBuildConfiguration;
			buildSettings = {
				ARCHS = "$(ARCHS_STANDARD_32_BIT)";
				CODE_SIGN_IDENTITY = "";
				"CODE_SIGN_IDENTITY[sdk=iphoneos*]" = "iPhone Developer";
				GCC_C_LANGUAGE_STANDARD = c99;
				GCC_WARN_ABOUT_RETURN_TYPE = YES;
				GCC_WARN_UNUSED_VARIABLE = YES;
				IPHONEOS_DEPLOYMENT_TARGET = 4.2;
				OTHER_CFLAGS = "-DNS_BLOCK_ASSERTIONS=1";
				SDKROOT = iphoneos;
			};
			name = Release;
		};
/* End XCBuildConfiguration section */

/* Begin XCConfigurationList section */
		1D6058960D05DD3E006BFB54 /* Build configuration list for PBXNativeTarget "SupTaxi" */ = {
			isa = XCConfigurationList;
			buildConfigurations = (
				1D6058940D05DD3E006BFB54 /* Debug */,
				1D6058950D05DD3E006BFB54 /* Release */,
			);
			defaultConfigurationIsVisible = 0;
			defaultConfigurationName = Release;
		};
		C01FCF4E08A954540054247B /* Build configuration list for PBXProject "SupTaxi" */ = {
			isa = XCConfigurationList;
			buildConfigurations = (
				C01FCF4F08A954540054247B /* Debug */,
				C01FCF5008A954540054247B /* Release */,
			);
			defaultConfigurationIsVisible = 0;
			defaultConfigurationName = Release;
		};
/* End XCConfigurationList section */
	};
	rootObject = 29B97313FDCFA39411CA2CEA /* Project object */;
}
